
Microsoft Visual Studio Solution File, Format Version 12.00
# Visual Studio Version 16
VisualStudioVersion = 16.0.30114.105
MinimumVisualStudioVersion = 10.0.40219.1
Project("{9A19103F-16F7-4668-BE54-9A1E7A4F7556}") = "API", "API\API.csproj", "{8531CE4C-C0A7-4EC6-A5B1-8A80A4BA3981}"
EndProject
Project("{9A19103F-16F7-4668-BE54-9A1E7A4F7556}") = "Core", "Core\Core.csproj", "{E5427FCB-28BE-470A-9DFC-C5E51605D7C3}"
EndProject
Project("{9A19103F-16F7-4668-BE54-9A1E7A4F7556}") = "Infrastructure", "Infrastructure\Infrastructure.csproj", "{3B546E1E-E229-4FD6-95BF-E2BE48A1C611}"
EndProject
Project("{2150E333-8FDC-42A3-9474-1A3956D46DE8}") = "Solution Items", "Solution Items", "{098FF640-604A-464E-A7E0-5A6C6786D62A}"
	ProjectSection(SolutionItems) = preProject
		.gitignore = .gitignore
		API\Learnings.txt = API\Learnings.txt
	EndProjectSection
EndProject
Global
	GlobalSection(SolutionConfigurationPlatforms) = preSolution
		Debug|Any CPU = Debug|Any CPU
		Debug|x64 = Debug|x64
		Debug|x86 = Debug|x86
		Release|Any CPU = Release|Any CPU
		Release|x64 = Release|x64
		Release|x86 = Release|x86
	EndGlobalSection
	GlobalSection(ProjectConfigurationPlatforms) = postSolution
		{8531CE4C-C0A7-4EC6-A5B1-8A80A4BA3981}.Debug|Any CPU.ActiveCfg = Debug|Any CPU
		{8531CE4C-C0A7-4EC6-A5B1-8A80A4BA3981}.Debug|Any CPU.Build.0 = Debug|Any CPU
		{8531CE4C-C0A7-4EC6-A5B1-8A80A4BA3981}.Debug|x64.ActiveCfg = Debug|Any CPU
		{8531CE4C-C0A7-4EC6-A5B1-8A80A4BA3981}.Debug|x64.Build.0 = Debug|Any CPU
		{8531CE4C-C0A7-4EC6-A5B1-8A80A4BA3981}.Debug|x86.ActiveCfg = Debug|Any CPU
		{8531CE4C-C0A7-4EC6-A5B1-8A80A4BA3981}.Debug|x86.Build.0 = Debug|Any CPU
		{8531CE4C-C0A7-4EC6-A5B1-8A80A4BA3981}.Release|Any CPU.ActiveCfg = Release|Any CPU
		{8531CE4C-C0A7-4EC6-A5B1-8A80A4BA3981}.Release|Any CPU.Build.0 = Release|Any CPU
		{8531CE4C-C0A7-4EC6-A5B1-8A80A4BA3981}.Release|x64.ActiveCfg = Release|Any CPU
		{8531CE4C-C0A7-4EC6-A5B1-8A80A4BA3981}.Release|x64.Build.0 = Release|Any CPU
		{8531CE4C-C0A7-4EC6-A5B1-8A80A4BA3981}.Release|x86.ActiveCfg = Release|Any CPU
		{8531CE4C-C0A7-4EC6-A5B1-8A80A4BA3981}.Release|x86.Build.0 = Release|Any CPU
		{E5427FCB-28BE-470A-9DFC-C5E51605D7C3}.Debug|Any CPU.ActiveCfg = Debug|Any CPU
		{E5427FCB-28BE-470A-9DFC-C5E51605D7C3}.Debug|Any CPU.Build.0 = Debug|Any CPU
		{E5427FCB-28BE-470A-9DFC-C5E51605D7C3}.Debug|x64.ActiveCfg = Debug|Any CPU
		{E5427FCB-28BE-470A-9DFC-C5E51605D7C3}.Debug|x64.Build.0 = Debug|Any CPU
		{E5427FCB-28BE-470A-9DFC-C5E51605D7C3}.Debug|x86.ActiveCfg = Debug|Any CPU
		{E5427FCB-28BE-470A-9DFC-C5E51605D7C3}.Debug|x86.Build.0 = Debug|Any CPU
		{E5427FCB-28BE-470A-9DFC-C5E51605D7C3}.Release|Any CPU.ActiveCfg = Release|Any CPU
		{E5427FCB-28BE-470A-9DFC-C5E51605D7C3}.Release|Any CPU.Build.0 = Release|Any CPU
		{E5427FCB-28BE-470A-9DFC-C5E51605D7C3}.Release|x64.ActiveCfg = Release|Any CPU
		{E5427FCB-28BE-470A-9DFC-C5E51605D7C3}.Release|x64.Build.0 = Release|Any CPU
		{E5427FCB-28BE-470A-9DFC-C5E51605D7C3}.Release|x86.ActiveCfg = Release|Any CPU
		{E5427FCB-28BE-470A-9DFC-C5E51605D7C3}.Release|x86.Build.0 = Release|Any CPU
		{3B546E1E-E229-4FD6-95BF-E2BE48A1C611}.Debug|Any CPU.ActiveCfg = Debug|Any CPU
		{3B546E1E-E229-4FD6-95BF-E2BE48A1C611}.Debug|Any CPU.Build.0 = Debug|Any CPU
		{3B546E1E-E229-4FD6-95BF-E2BE48A1C611}.Debug|x64.ActiveCfg = Debug|Any CPU
		{3B546E1E-E229-4FD6-95BF-E2BE48A1C611}.Debug|x64.Build.0 = Debug|Any CPU
		{3B546E1E-E229-4FD6-95BF-E2BE48A1C611}.Debug|x86.ActiveCfg = Debug|Any CPU
		{3B546E1E-E229-4FD6-95BF-E2BE48A1C611}.Debug|x86.Build.0 = Debug|Any CPU
		{3B546E1E-E229-4FD6-95BF-E2BE48A1C611}.Release|Any CPU.ActiveCfg = Release|Any CPU
		{3B546E1E-E229-4FD6-95BF-E2BE48A1C611}.Release|Any CPU.Build.0 = Release|Any CPU
		{3B546E1E-E229-4FD6-95BF-E2BE48A1C611}.Release|x64.ActiveCfg = Release|Any CPU
		{3B546E1E-E229-4FD6-95BF-E2BE48A1C611}.Release|x64.Build.0 = Release|Any CPU
		{3B546E1E-E229-4FD6-95BF-E2BE48A1C611}.Release|x86.ActiveCfg = Release|Any CPU
		{3B546E1E-E229-4FD6-95BF-E2BE48A1C611}.Release|x86.Build.0 = Release|Any CPU
	EndGlobalSection
	GlobalSection(SolutionProperties) = preSolution
		HideSolutionNode = FALSE
	EndGlobalSection
	GlobalSection(ExtensibilityGlobals) = postSolution
		SolutionGuid = {AA953F14-7AEE-4685-A728-BA2835924DEC}
	EndGlobalSection
EndGlobal
